
Microsoft Visual Studio Solution File, Format Version 12.00
# Visual Studio Version 17
VisualStudioVersion = 17.0.31903.59
MinimumVisualStudioVersion = 10.0.40219.1
Project("{2150E333-8FDC-42A3-9474-1A3956D46DE8}") = "services", "services", "{5854FF58-B8C5-05C6-5BF2-ACE42193F22B}"
EndProject
Project("{2150E333-8FDC-42A3-9474-1A3956D46DE8}") = "Identity", "Identity", "{357A7C97-5AE1-023F-1442-0D9F9AF22A31}"
EndProject
Project("{FAE04EC0-301F-11D3-BF4B-00C04F79EFBC}") = "Identity.Api", "services\Identity\Identity.Api\Identity.Api.csproj", "{42157067-90BC-4DC9-ABF8-7BF6242B556A}"
EndProject
Project("{FAE04EC0-301F-11D3-BF4B-00C04F79EFBC}") = "Identity.Biz", "services\Identity\Identity.Biz\Identity.Biz.csproj", "{B3893FC9-2293-40D1-B059-D0F52E97017B}"
EndProject
Project("{FAE04EC0-301F-11D3-BF4B-00C04F79EFBC}") = "Identity.Biz.Model", "services\Identity\Identity.Biz.Model\Identity.Biz.Model.csproj", "{49A8A6B3-6AEF-40E3-8EB7-FBEB54C2EE06}"
EndProject
Project("{FAE04EC0-301F-11D3-BF4B-00C04F79EFBC}") = "Identity.Data", "services\Identity\Identity.Data\Identity.Data.csproj", "{3A486EAD-15F5-4F69-9F2A-C48BBDA0852A}"
EndProject
Project("{FAE04EC0-301F-11D3-BF4B-00C04F79EFBC}") = "Identity.Data.Model", "services\Identity\Identity.Data.Model\Identity.Data.Model.csproj", "{DAC0DF4C-2609-4179-B704-73C6221E0BA0}"
EndProject
Project("{2150E333-8FDC-42A3-9474-1A3956D46DE8}") = "shared", "shared", "{4F52FD11-658E-A102-6CD3-7D7C16FFA15B}"
EndProject
Project("{FAE04EC0-301F-11D3-BF4B-00C04F79EFBC}") = "Shared.Kernel", "shared\Shared.Kernel\Shared.Kernel.csproj", "{740DFAC5-6B76-41DB-80B3-4EB5187EC12A}"
EndProject
Project("{2150E333-8FDC-42A3-9474-1A3956D46DE8}") = "Posts", "Posts", "{1A74326A-BAB3-4C72-76C9-FB2911D3BDC0}"
EndProject
Project("{FAE04EC0-301F-11D3-BF4B-00C04F79EFBC}") = "Posts.Api", "services\Posts\Posts.Api\Posts.Api.csproj", "{C5F8E43A-6491-48C2-8838-7093D88CFA86}"
EndProject
Project("{FAE04EC0-301F-11D3-BF4B-00C04F79EFBC}") = "Posts.Biz", "services\Posts\Posts.Biz\Posts.Biz.csproj", "{B94B614E-2701-45A2-BC65-206E4470A8EF}"
EndProject
Project("{FAE04EC0-301F-11D3-BF4B-00C04F79EFBC}") = "Posts.Biz.Model", "services\Posts\Posts.Biz.Model\Posts.Biz.Model.csproj", "{72AEB5A8-8000-4120-A7D4-5AEB9D36685C}"
EndProject
Project("{FAE04EC0-301F-11D3-BF4B-00C04F79EFBC}") = "Posts.Data", "services\Posts\Posts.Data\Posts.Data.csproj", "{F727819B-F288-4BAC-BAB5-96650A268166}"
EndProject
Project("{FAE04EC0-301F-11D3-BF4B-00C04F79EFBC}") = "Posts.Data.Model", "services\Posts\Posts.Data.Model\Posts.Data.Model.csproj", "{0E2DD188-B940-4A4E-91DA-A743E1EA8474}"
EndProject
Project("{2150E333-8FDC-42A3-9474-1A3956D46DE8}") = "Notifications", "Notifications", "{EDF976B3-B1D5-9C5C-314D-F965FB2448D0}"
EndProject
Project("{FAE04EC0-301F-11D3-BF4B-00C04F79EFBC}") = "Notifications.Api", "services\Notifications\Notifications.Api\Notifications.Api.csproj", "{30F5BD41-2ABD-4EBF-B2E0-E107F3A166CF}"
EndProject
Project("{FAE04EC0-301F-11D3-BF4B-00C04F79EFBC}") = "Notifications.Biz", "services\Notifications\Notifications.Biz\Notifications.Biz.csproj", "{19FA524A-629A-4803-A3D1-84B6C9EE15F5}"
EndProject
Project("{FAE04EC0-301F-11D3-BF4B-00C04F79EFBC}") = "Notifications.Biz.Model", "services\Notifications\Notifications.Biz.Model\Notifications.Biz.Model.csproj", "{2F86F6EE-ADC7-4854-9D9D-E00FA0DC1D35}"
EndProject
Project("{FAE04EC0-301F-11D3-BF4B-00C04F79EFBC}") = "Notifications.Data", "services\Notifications\Notifications.Data\Notifications.Data.csproj", "{542A4D13-4608-45B1-B085-11ADA6CEF969}"
EndProject
Project("{FAE04EC0-301F-11D3-BF4B-00C04F79EFBC}") = "Notifications.Data.Model", "services\Notifications\Notifications.Data.Model\Notifications.Data.Model.csproj", "{2E80C6B3-721C-49E1-865B-463257AC8D66}"
EndProject
Project("{2150E333-8FDC-42A3-9474-1A3956D46DE8}") = "Chat", "Chat", "{84EBF85D-5921-712C-A60E-3FCC5F270AA6}"
EndProject
Project("{FAE04EC0-301F-11D3-BF4B-00C04F79EFBC}") = "Chat.Api", "services\Chat\Chat.Api\Chat.Api.csproj", "{0FE20C40-58E1-44BA-9A62-3792B004108F}"
EndProject
Project("{FAE04EC0-301F-11D3-BF4B-00C04F79EFBC}") = "Chat.Biz", "services\Chat\Chat.Biz\Chat.Biz.csproj", "{482FD254-4389-40F5-8B72-11A9A8C20506}"
EndProject
Project("{FAE04EC0-301F-11D3-BF4B-00C04F79EFBC}") = "Chat.Data", "services\Chat\Chat.Data\Chat.Data.csproj", "{964A9B4E-9266-4197-9FC2-9C202962AE5C}"
EndProject
Project("{FAE04EC0-301F-11D3-BF4B-00C04F79EFBC}") = "Chat.Data.Model", "services\Chat\Chat.Data.Model\Chat.Data.Model.csproj", "{885E7E81-AF73-42E8-931C-5D4436ACD038}"
EndProject
Project("{FAE04EC0-301F-11D3-BF4B-00C04F79EFBC}") = "Chat.Biz.Model", "services\Chat\Chat.Biz.Model\Chat.Biz.Model.csproj", "{D91DFADA-49D2-46D0-90B4-D01D48543287}"
EndProject
Global
	GlobalSection(SolutionConfigurationPlatforms) = preSolution
		Debug|Any CPU = Debug|Any CPU
		Debug|x64 = Debug|x64
		Debug|x86 = Debug|x86
		Release|Any CPU = Release|Any CPU
		Release|x64 = Release|x64
		Release|x86 = Release|x86
	EndGlobalSection
	GlobalSection(ProjectConfigurationPlatforms) = postSolution
		{42157067-90BC-4DC9-ABF8-7BF6242B556A}.Debug|Any CPU.ActiveCfg = Debug|Any CPU
		{42157067-90BC-4DC9-ABF8-7BF6242B556A}.Debug|Any CPU.Build.0 = Debug|Any CPU
		{42157067-90BC-4DC9-ABF8-7BF6242B556A}.Debug|x64.ActiveCfg = Debug|Any CPU
		{42157067-90BC-4DC9-ABF8-7BF6242B556A}.Debug|x64.Build.0 = Debug|Any CPU
		{42157067-90BC-4DC9-ABF8-7BF6242B556A}.Debug|x86.ActiveCfg = Debug|Any CPU
		{42157067-90BC-4DC9-ABF8-7BF6242B556A}.Debug|x86.Build.0 = Debug|Any CPU
		{42157067-90BC-4DC9-ABF8-7BF6242B556A}.Release|Any CPU.ActiveCfg = Release|Any CPU
		{42157067-90BC-4DC9-ABF8-7BF6242B556A}.Release|Any CPU.Build.0 = Release|Any CPU
		{42157067-90BC-4DC9-ABF8-7BF6242B556A}.Release|x64.ActiveCfg = Release|Any CPU
		{42157067-90BC-4DC9-ABF8-7BF6242B556A}.Release|x64.Build.0 = Release|Any CPU
		{42157067-90BC-4DC9-ABF8-7BF6242B556A}.Release|x86.ActiveCfg = Release|Any CPU
		{42157067-90BC-4DC9-ABF8-7BF6242B556A}.Release|x86.Build.0 = Release|Any CPU
		{B3893FC9-2293-40D1-B059-D0F52E97017B}.Debug|Any CPU.ActiveCfg = Debug|Any CPU
		{B3893FC9-2293-40D1-B059-D0F52E97017B}.Debug|Any CPU.Build.0 = Debug|Any CPU
		{B3893FC9-2293-40D1-B059-D0F52E97017B}.Debug|x64.ActiveCfg = Debug|Any CPU
		{B3893FC9-2293-40D1-B059-D0F52E97017B}.Debug|x64.Build.0 = Debug|Any CPU
		{B3893FC9-2293-40D1-B059-D0F52E97017B}.Debug|x86.ActiveCfg = Debug|Any CPU
		{B3893FC9-2293-40D1-B059-D0F52E97017B}.Debug|x86.Build.0 = Debug|Any CPU
		{B3893FC9-2293-40D1-B059-D0F52E97017B}.Release|Any CPU.ActiveCfg = Release|Any CPU
		{B3893FC9-2293-40D1-B059-D0F52E97017B}.Release|Any CPU.Build.0 = Release|Any CPU
		{B3893FC9-2293-40D1-B059-D0F52E97017B}.Release|x64.ActiveCfg = Release|Any CPU
		{B3893FC9-2293-40D1-B059-D0F52E97017B}.Release|x64.Build.0 = Release|Any CPU
		{B3893FC9-2293-40D1-B059-D0F52E97017B}.Release|x86.ActiveCfg = Release|Any CPU
		{B3893FC9-2293-40D1-B059-D0F52E97017B}.Release|x86.Build.0 = Release|Any CPU
		{49A8A6B3-6AEF-40E3-8EB7-FBEB54C2EE06}.Debug|Any CPU.ActiveCfg = Debug|Any CPU
		{49A8A6B3-6AEF-40E3-8EB7-FBEB54C2EE06}.Debug|Any CPU.Build.0 = Debug|Any CPU
		{49A8A6B3-6AEF-40E3-8EB7-FBEB54C2EE06}.Debug|x64.ActiveCfg = Debug|Any CPU
		{49A8A6B3-6AEF-40E3-8EB7-FBEB54C2EE06}.Debug|x64.Build.0 = Debug|Any CPU
		{49A8A6B3-6AEF-40E3-8EB7-FBEB54C2EE06}.Debug|x86.ActiveCfg = Debug|Any CPU
		{49A8A6B3-6AEF-40E3-8EB7-FBEB54C2EE06}.Debug|x86.Build.0 = Debug|Any CPU
		{49A8A6B3-6AEF-40E3-8EB7-FBEB54C2EE06}.Release|Any CPU.ActiveCfg = Release|Any CPU
		{49A8A6B3-6AEF-40E3-8EB7-FBEB54C2EE06}.Release|Any CPU.Build.0 = Release|Any CPU
		{49A8A6B3-6AEF-40E3-8EB7-FBEB54C2EE06}.Release|x64.ActiveCfg = Release|Any CPU
		{49A8A6B3-6AEF-40E3-8EB7-FBEB54C2EE06}.Release|x64.Build.0 = Release|Any CPU
		{49A8A6B3-6AEF-40E3-8EB7-FBEB54C2EE06}.Release|x86.ActiveCfg = Release|Any CPU
		{49A8A6B3-6AEF-40E3-8EB7-FBEB54C2EE06}.Release|x86.Build.0 = Release|Any CPU
		{3A486EAD-15F5-4F69-9F2A-C48BBDA0852A}.Debug|Any CPU.ActiveCfg = Debug|Any CPU
		{3A486EAD-15F5-4F69-9F2A-C48BBDA0852A}.Debug|Any CPU.Build.0 = Debug|Any CPU
		{3A486EAD-15F5-4F69-9F2A-C48BBDA0852A}.Debug|x64.ActiveCfg = Debug|Any CPU
		{3A486EAD-15F5-4F69-9F2A-C48BBDA0852A}.Debug|x64.Build.0 = Debug|Any CPU
		{3A486EAD-15F5-4F69-9F2A-C48BBDA0852A}.Debug|x86.ActiveCfg = Debug|Any CPU
		{3A486EAD-15F5-4F69-9F2A-C48BBDA0852A}.Debug|x86.Build.0 = Debug|Any CPU
		{3A486EAD-15F5-4F69-9F2A-C48BBDA0852A}.Release|Any CPU.ActiveCfg = Release|Any CPU
		{3A486EAD-15F5-4F69-9F2A-C48BBDA0852A}.Release|Any CPU.Build.0 = Release|Any CPU
		{3A486EAD-15F5-4F69-9F2A-C48BBDA0852A}.Release|x64.ActiveCfg = Release|Any CPU
		{3A486EAD-15F5-4F69-9F2A-C48BBDA0852A}.Release|x64.Build.0 = Release|Any CPU
		{3A486EAD-15F5-4F69-9F2A-C48BBDA0852A}.Release|x86.ActiveCfg = Release|Any CPU
		{3A486EAD-15F5-4F69-9F2A-C48BBDA0852A}.Release|x86.Build.0 = Release|Any CPU
		{DAC0DF4C-2609-4179-B704-73C6221E0BA0}.Debug|Any CPU.ActiveCfg = Debug|Any CPU
		{DAC0DF4C-2609-4179-B704-73C6221E0BA0}.Debug|Any CPU.Build.0 = Debug|Any CPU
		{DAC0DF4C-2609-4179-B704-73C6221E0BA0}.Debug|x64.ActiveCfg = Debug|Any CPU
		{DAC0DF4C-2609-4179-B704-73C6221E0BA0}.Debug|x64.Build.0 = Debug|Any CPU
		{DAC0DF4C-2609-4179-B704-73C6221E0BA0}.Debug|x86.ActiveCfg = Debug|Any CPU
		{DAC0DF4C-2609-4179-B704-73C6221E0BA0}.Debug|x86.Build.0 = Debug|Any CPU
		{DAC0DF4C-2609-4179-B704-73C6221E0BA0}.Release|Any CPU.ActiveCfg = Release|Any CPU
		{DAC0DF4C-2609-4179-B704-73C6221E0BA0}.Release|Any CPU.Build.0 = Release|Any CPU
		{DAC0DF4C-2609-4179-B704-73C6221E0BA0}.Release|x64.ActiveCfg = Release|Any CPU
		{DAC0DF4C-2609-4179-B704-73C6221E0BA0}.Release|x64.Build.0 = Release|Any CPU
		{DAC0DF4C-2609-4179-B704-73C6221E0BA0}.Release|x86.ActiveCfg = Release|Any CPU
		{DAC0DF4C-2609-4179-B704-73C6221E0BA0}.Release|x86.Build.0 = Release|Any CPU
		{740DFAC5-6B76-41DB-80B3-4EB5187EC12A}.Debug|Any CPU.ActiveCfg = Debug|Any CPU
		{740DFAC5-6B76-41DB-80B3-4EB5187EC12A}.Debug|Any CPU.Build.0 = Debug|Any CPU
		{740DFAC5-6B76-41DB-80B3-4EB5187EC12A}.Debug|x64.ActiveCfg = Debug|Any CPU
		{740DFAC5-6B76-41DB-80B3-4EB5187EC12A}.Debug|x64.Build.0 = Debug|Any CPU
		{740DFAC5-6B76-41DB-80B3-4EB5187EC12A}.Debug|x86.ActiveCfg = Debug|Any CPU
		{740DFAC5-6B76-41DB-80B3-4EB5187EC12A}.Debug|x86.Build.0 = Debug|Any CPU
		{740DFAC5-6B76-41DB-80B3-4EB5187EC12A}.Release|Any CPU.ActiveCfg = Release|Any CPU
		{740DFAC5-6B76-41DB-80B3-4EB5187EC12A}.Release|Any CPU.Build.0 = Release|Any CPU
		{740DFAC5-6B76-41DB-80B3-4EB5187EC12A}.Release|x64.ActiveCfg = Release|Any CPU
		{740DFAC5-6B76-41DB-80B3-4EB5187EC12A}.Release|x64.Build.0 = Release|Any CPU
		{740DFAC5-6B76-41DB-80B3-4EB5187EC12A}.Release|x86.ActiveCfg = Release|Any CPU
		{740DFAC5-6B76-41DB-80B3-4EB5187EC12A}.Release|x86.Build.0 = Release|Any CPU
		{C5F8E43A-6491-48C2-8838-7093D88CFA86}.Debug|Any CPU.ActiveCfg = Debug|Any CPU
		{C5F8E43A-6491-48C2-8838-7093D88CFA86}.Debug|Any CPU.Build.0 = Debug|Any CPU
		{C5F8E43A-6491-48C2-8838-7093D88CFA86}.Debug|x64.ActiveCfg = Debug|Any CPU
		{C5F8E43A-6491-48C2-8838-7093D88CFA86}.Debug|x64.Build.0 = Debug|Any CPU
		{C5F8E43A-6491-48C2-8838-7093D88CFA86}.Debug|x86.ActiveCfg = Debug|Any CPU
		{C5F8E43A-6491-48C2-8838-7093D88CFA86}.Debug|x86.Build.0 = Debug|Any CPU
		{C5F8E43A-6491-48C2-8838-7093D88CFA86}.Release|Any CPU.ActiveCfg = Release|Any CPU
		{C5F8E43A-6491-48C2-8838-7093D88CFA86}.Release|Any CPU.Build.0 = Release|Any CPU
		{C5F8E43A-6491-48C2-8838-7093D88CFA86}.Release|x64.ActiveCfg = Release|Any CPU
		{C5F8E43A-6491-48C2-8838-7093D88CFA86}.Release|x64.Build.0 = Release|Any CPU
		{C5F8E43A-6491-48C2-8838-7093D88CFA86}.Release|x86.ActiveCfg = Release|Any CPU
		{C5F8E43A-6491-48C2-8838-7093D88CFA86}.Release|x86.Build.0 = Release|Any CPU
		{B94B614E-2701-45A2-BC65-206E4470A8EF}.Debug|Any CPU.ActiveCfg = Debug|Any CPU
		{B94B614E-2701-45A2-BC65-206E4470A8EF}.Debug|Any CPU.Build.0 = Debug|Any CPU
		{B94B614E-2701-45A2-BC65-206E4470A8EF}.Debug|x64.ActiveCfg = Debug|Any CPU
		{B94B614E-2701-45A2-BC65-206E4470A8EF}.Debug|x64.Build.0 = Debug|Any CPU
		{B94B614E-2701-45A2-BC65-206E4470A8EF}.Debug|x86.ActiveCfg = Debug|Any CPU
		{B94B614E-2701-45A2-BC65-206E4470A8EF}.Debug|x86.Build.0 = Debug|Any CPU
		{B94B614E-2701-45A2-BC65-206E4470A8EF}.Release|Any CPU.ActiveCfg = Release|Any CPU
		{B94B614E-2701-45A2-BC65-206E4470A8EF}.Release|Any CPU.Build.0 = Release|Any CPU
		{B94B614E-2701-45A2-BC65-206E4470A8EF}.Release|x64.ActiveCfg = Release|Any CPU
		{B94B614E-2701-45A2-BC65-206E4470A8EF}.Release|x64.Build.0 = Release|Any CPU
		{B94B614E-2701-45A2-BC65-206E4470A8EF}.Release|x86.ActiveCfg = Release|Any CPU
		{B94B614E-2701-45A2-BC65-206E4470A8EF}.Release|x86.Build.0 = Release|Any CPU
		{72AEB5A8-8000-4120-A7D4-5AEB9D36685C}.Debug|Any CPU.ActiveCfg = Debug|Any CPU
		{72AEB5A8-8000-4120-A7D4-5AEB9D36685C}.Debug|Any CPU.Build.0 = Debug|Any CPU
		{72AEB5A8-8000-4120-A7D4-5AEB9D36685C}.Debug|x64.ActiveCfg = Debug|Any CPU
		{72AEB5A8-8000-4120-A7D4-5AEB9D36685C}.Debug|x64.Build.0 = Debug|Any CPU
		{72AEB5A8-8000-4120-A7D4-5AEB9D36685C}.Debug|x86.ActiveCfg = Debug|Any CPU
		{72AEB5A8-8000-4120-A7D4-5AEB9D36685C}.Debug|x86.Build.0 = Debug|Any CPU
		{72AEB5A8-8000-4120-A7D4-5AEB9D36685C}.Release|Any CPU.ActiveCfg = Release|Any CPU
		{72AEB5A8-8000-4120-A7D4-5AEB9D36685C}.Release|Any CPU.Build.0 = Release|Any CPU
		{72AEB5A8-8000-4120-A7D4-5AEB9D36685C}.Release|x64.ActiveCfg = Release|Any CPU
		{72AEB5A8-8000-4120-A7D4-5AEB9D36685C}.Release|x64.Build.0 = Release|Any CPU
		{72AEB5A8-8000-4120-A7D4-5AEB9D36685C}.Release|x86.ActiveCfg = Release|Any CPU
		{72AEB5A8-8000-4120-A7D4-5AEB9D36685C}.Release|x86.Build.0 = Release|Any CPU
		{F727819B-F288-4BAC-BAB5-96650A268166}.Debug|Any CPU.ActiveCfg = Debug|Any CPU
		{F727819B-F288-4BAC-BAB5-96650A268166}.Debug|Any CPU.Build.0 = Debug|Any CPU
		{F727819B-F288-4BAC-BAB5-96650A268166}.Debug|x64.ActiveCfg = Debug|Any CPU
		{F727819B-F288-4BAC-BAB5-96650A268166}.Debug|x64.Build.0 = Debug|Any CPU
		{F727819B-F288-4BAC-BAB5-96650A268166}.Debug|x86.ActiveCfg = Debug|Any CPU
		{F727819B-F288-4BAC-BAB5-96650A268166}.Debug|x86.Build.0 = Debug|Any CPU
		{F727819B-F288-4BAC-BAB5-96650A268166}.Release|Any CPU.ActiveCfg = Release|Any CPU
		{F727819B-F288-4BAC-BAB5-96650A268166}.Release|Any CPU.Build.0 = Release|Any CPU
		{F727819B-F288-4BAC-BAB5-96650A268166}.Release|x64.ActiveCfg = Release|Any CPU
		{F727819B-F288-4BAC-BAB5-96650A268166}.Release|x64.Build.0 = Release|Any CPU
		{F727819B-F288-4BAC-BAB5-96650A268166}.Release|x86.ActiveCfg = Release|Any CPU
		{F727819B-F288-4BAC-BAB5-96650A268166}.Release|x86.Build.0 = Release|Any CPU
		{0E2DD188-B940-4A4E-91DA-A743E1EA8474}.Debug|Any CPU.ActiveCfg = Debug|Any CPU
		{0E2DD188-B940-4A4E-91DA-A743E1EA8474}.Debug|Any CPU.Build.0 = Debug|Any CPU
		{0E2DD188-B940-4A4E-91DA-A743E1EA8474}.Debug|x64.ActiveCfg = Debug|Any CPU
		{0E2DD188-B940-4A4E-91DA-A743E1EA8474}.Debug|x64.Build.0 = Debug|Any CPU
		{0E2DD188-B940-4A4E-91DA-A743E1EA8474}.Debug|x86.ActiveCfg = Debug|Any CPU
		{0E2DD188-B940-4A4E-91DA-A743E1EA8474}.Debug|x86.Build.0 = Debug|Any CPU
		{0E2DD188-B940-4A4E-91DA-A743E1EA8474}.Release|Any CPU.ActiveCfg = Release|Any CPU
		{0E2DD188-B940-4A4E-91DA-A743E1EA8474}.Release|Any CPU.Build.0 = Release|Any CPU
		{0E2DD188-B940-4A4E-91DA-A743E1EA8474}.Release|x64.ActiveCfg = Release|Any CPU
		{0E2DD188-B940-4A4E-91DA-A743E1EA8474}.Release|x64.Build.0 = Release|Any CPU
		{0E2DD188-B940-4A4E-91DA-A743E1EA8474}.Release|x86.ActiveCfg = Release|Any CPU
		{0E2DD188-B940-4A4E-91DA-A743E1EA8474}.Release|x86.Build.0 = Release|Any CPU
		{30F5BD41-2ABD-4EBF-B2E0-E107F3A166CF}.Debug|Any CPU.ActiveCfg = Debug|Any CPU
		{30F5BD41-2ABD-4EBF-B2E0-E107F3A166CF}.Debug|Any CPU.Build.0 = Debug|Any CPU
		{30F5BD41-2ABD-4EBF-B2E0-E107F3A166CF}.Debug|x64.ActiveCfg = Debug|Any CPU
		{30F5BD41-2ABD-4EBF-B2E0-E107F3A166CF}.Debug|x64.Build.0 = Debug|Any CPU
		{30F5BD41-2ABD-4EBF-B2E0-E107F3A166CF}.Debug|x86.ActiveCfg = Debug|Any CPU
		{30F5BD41-2ABD-4EBF-B2E0-E107F3A166CF}.Debug|x86.Build.0 = Debug|Any CPU
		{30F5BD41-2ABD-4EBF-B2E0-E107F3A166CF}.Release|Any CPU.ActiveCfg = Release|Any CPU
		{30F5BD41-2ABD-4EBF-B2E0-E107F3A166CF}.Release|Any CPU.Build.0 = Release|Any CPU
		{30F5BD41-2ABD-4EBF-B2E0-E107F3A166CF}.Release|x64.ActiveCfg = Release|Any CPU
		{30F5BD41-2ABD-4EBF-B2E0-E107F3A166CF}.Release|x64.Build.0 = Release|Any CPU
		{30F5BD41-2ABD-4EBF-B2E0-E107F3A166CF}.Release|x86.ActiveCfg = Release|Any CPU
		{30F5BD41-2ABD-4EBF-B2E0-E107F3A166CF}.Release|x86.Build.0 = Release|Any CPU
		{19FA524A-629A-4803-A3D1-84B6C9EE15F5}.Debug|Any CPU.ActiveCfg = Debug|Any CPU
		{19FA524A-629A-4803-A3D1-84B6C9EE15F5}.Debug|Any CPU.Build.0 = Debug|Any CPU
		{19FA524A-629A-4803-A3D1-84B6C9EE15F5}.Debug|x64.ActiveCfg = Debug|Any CPU
		{19FA524A-629A-4803-A3D1-84B6C9EE15F5}.Debug|x64.Build.0 = Debug|Any CPU
		{19FA524A-629A-4803-A3D1-84B6C9EE15F5}.Debug|x86.ActiveCfg = Debug|Any CPU
		{19FA524A-629A-4803-A3D1-84B6C9EE15F5}.Debug|x86.Build.0 = Debug|Any CPU
		{19FA524A-629A-4803-A3D1-84B6C9EE15F5}.Release|Any CPU.ActiveCfg = Release|Any CPU
		{19FA524A-629A-4803-A3D1-84B6C9EE15F5}.Release|Any CPU.Build.0 = Release|Any CPU
		{19FA524A-629A-4803-A3D1-84B6C9EE15F5}.Release|x64.ActiveCfg = Release|Any CPU
		{19FA524A-629A-4803-A3D1-84B6C9EE15F5}.Release|x64.Build.0 = Release|Any CPU
		{19FA524A-629A-4803-A3D1-84B6C9EE15F5}.Release|x86.ActiveCfg = Release|Any CPU
		{19FA524A-629A-4803-A3D1-84B6C9EE15F5}.Release|x86.Build.0 = Release|Any CPU
		{2F86F6EE-ADC7-4854-9D9D-E00FA0DC1D35}.Debug|Any CPU.ActiveCfg = Debug|Any CPU
		{2F86F6EE-ADC7-4854-9D9D-E00FA0DC1D35}.Debug|Any CPU.Build.0 = Debug|Any CPU
		{2F86F6EE-ADC7-4854-9D9D-E00FA0DC1D35}.Debug|x64.ActiveCfg = Debug|Any CPU
		{2F86F6EE-ADC7-4854-9D9D-E00FA0DC1D35}.Debug|x64.Build.0 = Debug|Any CPU
		{2F86F6EE-ADC7-4854-9D9D-E00FA0DC1D35}.Debug|x86.ActiveCfg = Debug|Any CPU
		{2F86F6EE-ADC7-4854-9D9D-E00FA0DC1D35}.Debug|x86.Build.0 = Debug|Any CPU
		{2F86F6EE-ADC7-4854-9D9D-E00FA0DC1D35}.Release|Any CPU.ActiveCfg = Release|Any CPU
		{2F86F6EE-ADC7-4854-9D9D-E00FA0DC1D35}.Release|Any CPU.Build.0 = Release|Any CPU
		{2F86F6EE-ADC7-4854-9D9D-E00FA0DC1D35}.Release|x64.ActiveCfg = Release|Any CPU
		{2F86F6EE-ADC7-4854-9D9D-E00FA0DC1D35}.Release|x64.Build.0 = Release|Any CPU
		{2F86F6EE-ADC7-4854-9D9D-E00FA0DC1D35}.Release|x86.ActiveCfg = Release|Any CPU
		{2F86F6EE-ADC7-4854-9D9D-E00FA0DC1D35}.Release|x86.Build.0 = Release|Any CPU
		{542A4D13-4608-45B1-B085-11ADA6CEF969}.Debug|Any CPU.ActiveCfg = Debug|Any CPU
		{542A4D13-4608-45B1-B085-11ADA6CEF969}.Debug|Any CPU.Build.0 = Debug|Any CPU
		{542A4D13-4608-45B1-B085-11ADA6CEF969}.Debug|x64.ActiveCfg = Debug|Any CPU
		{542A4D13-4608-45B1-B085-11ADA6CEF969}.Debug|x64.Build.0 = Debug|Any CPU
		{542A4D13-4608-45B1-B085-11ADA6CEF969}.Debug|x86.ActiveCfg = Debug|Any CPU
		{542A4D13-4608-45B1-B085-11ADA6CEF969}.Debug|x86.Build.0 = Debug|Any CPU
		{542A4D13-4608-45B1-B085-11ADA6CEF969}.Release|Any CPU.ActiveCfg = Release|Any CPU
		{542A4D13-4608-45B1-B085-11ADA6CEF969}.Release|Any CPU.Build.0 = Release|Any CPU
		{542A4D13-4608-45B1-B085-11ADA6CEF969}.Release|x64.ActiveCfg = Release|Any CPU
		{542A4D13-4608-45B1-B085-11ADA6CEF969}.Release|x64.Build.0 = Release|Any CPU
		{542A4D13-4608-45B1-B085-11ADA6CEF969}.Release|x86.ActiveCfg = Release|Any CPU
		{542A4D13-4608-45B1-B085-11ADA6CEF969}.Release|x86.Build.0 = Release|Any CPU
		{2E80C6B3-721C-49E1-865B-463257AC8D66}.Debug|Any CPU.ActiveCfg = Debug|Any CPU
		{2E80C6B3-721C-49E1-865B-463257AC8D66}.Debug|Any CPU.Build.0 = Debug|Any CPU
		{2E80C6B3-721C-49E1-865B-463257AC8D66}.Debug|x64.ActiveCfg = Debug|Any CPU
		{2E80C6B3-721C-49E1-865B-463257AC8D66}.Debug|x64.Build.0 = Debug|Any CPU
		{2E80C6B3-721C-49E1-865B-463257AC8D66}.Debug|x86.ActiveCfg = Debug|Any CPU
		{2E80C6B3-721C-49E1-865B-463257AC8D66}.Debug|x86.Build.0 = Debug|Any CPU
		{2E80C6B3-721C-49E1-865B-463257AC8D66}.Release|Any CPU.ActiveCfg = Release|Any CPU
		{2E80C6B3-721C-49E1-865B-463257AC8D66}.Release|Any CPU.Build.0 = Release|Any CPU
		{2E80C6B3-721C-49E1-865B-463257AC8D66}.Release|x64.ActiveCfg = Release|Any CPU
		{2E80C6B3-721C-49E1-865B-463257AC8D66}.Release|x64.Build.0 = Release|Any CPU
		{2E80C6B3-721C-49E1-865B-463257AC8D66}.Release|x86.ActiveCfg = Release|Any CPU
		{2E80C6B3-721C-49E1-865B-463257AC8D66}.Release|x86.Build.0 = Release|Any CPU
		{0FE20C40-58E1-44BA-9A62-3792B004108F}.Debug|Any CPU.ActiveCfg = Debug|Any CPU
		{0FE20C40-58E1-44BA-9A62-3792B004108F}.Debug|Any CPU.Build.0 = Debug|Any CPU
		{0FE20C40-58E1-44BA-9A62-3792B004108F}.Debug|x64.ActiveCfg = Debug|Any CPU
		{0FE20C40-58E1-44BA-9A62-3792B004108F}.Debug|x64.Build.0 = Debug|Any CPU
		{0FE20C40-58E1-44BA-9A62-3792B004108F}.Debug|x86.ActiveCfg = Debug|Any CPU
		{0FE20C40-58E1-44BA-9A62-3792B004108F}.Debug|x86.Build.0 = Debug|Any CPU
		{0FE20C40-58E1-44BA-9A62-3792B004108F}.Release|Any CPU.ActiveCfg = Release|Any CPU
		{0FE20C40-58E1-44BA-9A62-3792B004108F}.Release|Any CPU.Build.0 = Release|Any CPU
		{0FE20C40-58E1-44BA-9A62-3792B004108F}.Release|x64.ActiveCfg = Release|Any CPU
		{0FE20C40-58E1-44BA-9A62-3792B004108F}.Release|x64.Build.0 = Release|Any CPU
		{0FE20C40-58E1-44BA-9A62-3792B004108F}.Release|x86.ActiveCfg = Release|Any CPU
		{0FE20C40-58E1-44BA-9A62-3792B004108F}.Release|x86.Build.0 = Release|Any CPU
		{482FD254-4389-40F5-8B72-11A9A8C20506}.Debug|Any CPU.ActiveCfg = Debug|Any CPU
		{482FD254-4389-40F5-8B72-11A9A8C20506}.Debug|Any CPU.Build.0 = Debug|Any CPU
		{482FD254-4389-40F5-8B72-11A9A8C20506}.Debug|x64.ActiveCfg = Debug|Any CPU
		{482FD254-4389-40F5-8B72-11A9A8C20506}.Debug|x64.Build.0 = Debug|Any CPU
		{482FD254-4389-40F5-8B72-11A9A8C20506}.Debug|x86.ActiveCfg = Debug|Any CPU
		{482FD254-4389-40F5-8B72-11A9A8C20506}.Debug|x86.Build.0 = Debug|Any CPU
		{482FD254-4389-40F5-8B72-11A9A8C20506}.Release|Any CPU.ActiveCfg = Release|Any CPU
		{482FD254-4389-40F5-8B72-11A9A8C20506}.Release|Any CPU.Build.0 = Release|Any CPU
		{482FD254-4389-40F5-8B72-11A9A8C20506}.Release|x64.ActiveCfg = Release|Any CPU
		{482FD254-4389-40F5-8B72-11A9A8C20506}.Release|x64.Build.0 = Release|Any CPU
		{482FD254-4389-40F5-8B72-11A9A8C20506}.Release|x86.ActiveCfg = Release|Any CPU
		{482FD254-4389-40F5-8B72-11A9A8C20506}.Release|x86.Build.0 = Release|Any CPU
		{964A9B4E-9266-4197-9FC2-9C202962AE5C}.Debug|Any CPU.ActiveCfg = Debug|Any CPU
		{964A9B4E-9266-4197-9FC2-9C202962AE5C}.Debug|Any CPU.Build.0 = Debug|Any CPU
		{964A9B4E-9266-4197-9FC2-9C202962AE5C}.Debug|x64.ActiveCfg = Debug|Any CPU
		{964A9B4E-9266-4197-9FC2-9C202962AE5C}.Debug|x64.Build.0 = Debug|Any CPU
		{964A9B4E-9266-4197-9FC2-9C202962AE5C}.Debug|x86.ActiveCfg = Debug|Any CPU
		{964A9B4E-9266-4197-9FC2-9C202962AE5C}.Debug|x86.Build.0 = Debug|Any CPU
		{964A9B4E-9266-4197-9FC2-9C202962AE5C}.Release|Any CPU.ActiveCfg = Release|Any CPU
		{964A9B4E-9266-4197-9FC2-9C202962AE5C}.Release|Any CPU.Build.0 = Release|Any CPU
		{964A9B4E-9266-4197-9FC2-9C202962AE5C}.Release|x64.ActiveCfg = Release|Any CPU
		{964A9B4E-9266-4197-9FC2-9C202962AE5C}.Release|x64.Build.0 = Release|Any CPU
		{964A9B4E-9266-4197-9FC2-9C202962AE5C}.Release|x86.ActiveCfg = Release|Any CPU
		{964A9B4E-9266-4197-9FC2-9C202962AE5C}.Release|x86.Build.0 = Release|Any CPU
		{885E7E81-AF73-42E8-931C-5D4436ACD038}.Debug|Any CPU.ActiveCfg = Debug|Any CPU
		{885E7E81-AF73-42E8-931C-5D4436ACD038}.Debug|Any CPU.Build.0 = Debug|Any CPU
		{885E7E81-AF73-42E8-931C-5D4436ACD038}.Debug|x64.ActiveCfg = Debug|Any CPU
		{885E7E81-AF73-42E8-931C-5D4436ACD038}.Debug|x64.Build.0 = Debug|Any CPU
		{885E7E81-AF73-42E8-931C-5D4436ACD038}.Debug|x86.ActiveCfg = Debug|Any CPU
		{885E7E81-AF73-42E8-931C-5D4436ACD038}.Debug|x86.Build.0 = Debug|Any CPU
		{885E7E81-AF73-42E8-931C-5D4436ACD038}.Release|Any CPU.ActiveCfg = Release|Any CPU
		{885E7E81-AF73-42E8-931C-5D4436ACD038}.Release|Any CPU.Build.0 = Release|Any CPU
		{885E7E81-AF73-42E8-931C-5D4436ACD038}.Release|x64.ActiveCfg = Release|Any CPU
		{885E7E81-AF73-42E8-931C-5D4436ACD038}.Release|x64.Build.0 = Release|Any CPU
		{885E7E81-AF73-42E8-931C-5D4436ACD038}.Release|x86.ActiveCfg = Release|Any CPU
		{885E7E81-AF73-42E8-931C-5D4436ACD038}.Release|x86.Build.0 = Release|Any CPU
		{D91DFADA-49D2-46D0-90B4-D01D48543287}.Debug|Any CPU.ActiveCfg = Debug|Any CPU
		{D91DFADA-49D2-46D0-90B4-D01D48543287}.Debug|Any CPU.Build.0 = Debug|Any CPU
		{D91DFADA-49D2-46D0-90B4-D01D48543287}.Debug|x64.ActiveCfg = Debug|Any CPU
		{D91DFADA-49D2-46D0-90B4-D01D48543287}.Debug|x64.Build.0 = Debug|Any CPU
		{D91DFADA-49D2-46D0-90B4-D01D48543287}.Debug|x86.ActiveCfg = Debug|Any CPU
		{D91DFADA-49D2-46D0-90B4-D01D48543287}.Debug|x86.Build.0 = Debug|Any CPU
		{D91DFADA-49D2-46D0-90B4-D01D48543287}.Release|Any CPU.ActiveCfg = Release|Any CPU
		{D91DFADA-49D2-46D0-90B4-D01D48543287}.Release|Any CPU.Build.0 = Release|Any CPU
		{D91DFADA-49D2-46D0-90B4-D01D48543287}.Release|x64.ActiveCfg = Release|Any CPU
		{D91DFADA-49D2-46D0-90B4-D01D48543287}.Release|x64.Build.0 = Release|Any CPU
		{D91DFADA-49D2-46D0-90B4-D01D48543287}.Release|x86.ActiveCfg = Release|Any CPU
		{D91DFADA-49D2-46D0-90B4-D01D48543287}.Release|x86.Build.0 = Release|Any CPU
	EndGlobalSection
	GlobalSection(SolutionProperties) = preSolution
		HideSolutionNode = FALSE
	EndGlobalSection
	GlobalSection(NestedProjects) = preSolution
		{357A7C97-5AE1-023F-1442-0D9F9AF22A31} = {5854FF58-B8C5-05C6-5BF2-ACE42193F22B}
		{42157067-90BC-4DC9-ABF8-7BF6242B556A} = {357A7C97-5AE1-023F-1442-0D9F9AF22A31}
		{B3893FC9-2293-40D1-B059-D0F52E97017B} = {357A7C97-5AE1-023F-1442-0D9F9AF22A31}
		{49A8A6B3-6AEF-40E3-8EB7-FBEB54C2EE06} = {357A7C97-5AE1-023F-1442-0D9F9AF22A31}
		{3A486EAD-15F5-4F69-9F2A-C48BBDA0852A} = {357A7C97-5AE1-023F-1442-0D9F9AF22A31}
		{DAC0DF4C-2609-4179-B704-73C6221E0BA0} = {357A7C97-5AE1-023F-1442-0D9F9AF22A31}
		{740DFAC5-6B76-41DB-80B3-4EB5187EC12A} = {4F52FD11-658E-A102-6CD3-7D7C16FFA15B}
		{1A74326A-BAB3-4C72-76C9-FB2911D3BDC0} = {5854FF58-B8C5-05C6-5BF2-ACE42193F22B}
		{C5F8E43A-6491-48C2-8838-7093D88CFA86} = {1A74326A-BAB3-4C72-76C9-FB2911D3BDC0}
		{B94B614E-2701-45A2-BC65-206E4470A8EF} = {1A74326A-BAB3-4C72-76C9-FB2911D3BDC0}
		{72AEB5A8-8000-4120-A7D4-5AEB9D36685C} = {1A74326A-BAB3-4C72-76C9-FB2911D3BDC0}
		{F727819B-F288-4BAC-BAB5-96650A268166} = {1A74326A-BAB3-4C72-76C9-FB2911D3BDC0}
		{0E2DD188-B940-4A4E-91DA-A743E1EA8474} = {1A74326A-BAB3-4C72-76C9-FB2911D3BDC0}
		{EDF976B3-B1D5-9C5C-314D-F965FB2448D0} = {5854FF58-B8C5-05C6-5BF2-ACE42193F22B}
		{30F5BD41-2ABD-4EBF-B2E0-E107F3A166CF} = {EDF976B3-B1D5-9C5C-314D-F965FB2448D0}
		{19FA524A-629A-4803-A3D1-84B6C9EE15F5} = {EDF976B3-B1D5-9C5C-314D-F965FB2448D0}
		{2F86F6EE-ADC7-4854-9D9D-E00FA0DC1D35} = {EDF976B3-B1D5-9C5C-314D-F965FB2448D0}
		{542A4D13-4608-45B1-B085-11ADA6CEF969} = {EDF976B3-B1D5-9C5C-314D-F965FB2448D0}
		{2E80C6B3-721C-49E1-865B-463257AC8D66} = {EDF976B3-B1D5-9C5C-314D-F965FB2448D0}
		{84EBF85D-5921-712C-A60E-3FCC5F270AA6} = {5854FF58-B8C5-05C6-5BF2-ACE42193F22B}
		{0FE20C40-58E1-44BA-9A62-3792B004108F} = {84EBF85D-5921-712C-A60E-3FCC5F270AA6}
		{482FD254-4389-40F5-8B72-11A9A8C20506} = {84EBF85D-5921-712C-A60E-3FCC5F270AA6}
		{964A9B4E-9266-4197-9FC2-9C202962AE5C} = {84EBF85D-5921-712C-A60E-3FCC5F270AA6}
		{885E7E81-AF73-42E8-931C-5D4436ACD038} = {84EBF85D-5921-712C-A60E-3FCC5F270AA6}
		{D91DFADA-49D2-46D0-90B4-D01D48543287} = {84EBF85D-5921-712C-A60E-3FCC5F270AA6}
	EndGlobalSection
EndGlobal
