
Microsoft Visual Studio Solution File, Format Version 12.00
# Visual Studio Version 17
VisualStudioVersion = 17.0.31903.59
MinimumVisualStudioVersion = 10.0.40219.1
Project("{2150E333-8FDC-42A3-9474-1A3956D46DE8}") = "shared", "shared", "{4F52FD11-658E-A102-6CD3-7D7C16FFA15B}"
EndProject
Project("{FAE04EC0-301F-11D3-BF4B-00C04F79EFBC}") = "Shared.Kernel", "shared\Shared.Kernel\Shared.Kernel.csproj", "{FC7AB9E0-2FC5-4174-AE22-86DBE8E937F2}"
EndProject
Project("{2150E333-8FDC-42A3-9474-1A3956D46DE8}") = "services", "services", "{5854FF58-B8C5-05C6-5BF2-ACE42193F22B}"
EndProject
Project("{2150E333-8FDC-42A3-9474-1A3956D46DE8}") = "Identity", "Identity", "{357A7C97-5AE1-023F-1442-0D9F9AF22A31}"
EndProject
Project("{FAE04EC0-301F-11D3-BF4B-00C04F79EFBC}") = "Identity.Api", "services\Identity\Identity.Api\Identity.Api.csproj", "{A3F59B29-3249-4FC3-A4BE-2AC274F10538}"
EndProject
Project("{FAE04EC0-301F-11D3-BF4B-00C04F79EFBC}") = "Identity.Biz", "services\Identity\Identity.Biz\Identity.Biz.csproj", "{A31A9853-2046-49F8-81AE-E06A390DE873}"
EndProject
Project("{FAE04EC0-301F-11D3-BF4B-00C04F79EFBC}") = "Identity.Biz.Model", "services\Identity\Identity.Biz.Model\Identity.Biz.Model.csproj", "{9F111A60-C7E3-4ED8-A75D-791A9838D5C1}"
EndProject
Project("{FAE04EC0-301F-11D3-BF4B-00C04F79EFBC}") = "Identity.Data", "services\Identity\Identity.Data\Identity.Data.csproj", "{CB320C75-7AF2-4EBE-A588-1E27E91677AC}"
EndProject
Project("{FAE04EC0-301F-11D3-BF4B-00C04F79EFBC}") = "Identity.Data.Model", "services\Identity\Identity.Data.Model\Identity.Data.Model.csproj", "{FB87914F-EA76-4775-8524-FD8ACF974626}"
EndProject
Project("{2150E333-8FDC-42A3-9474-1A3956D46DE8}") = "Posts", "Posts", "{1A74326A-BAB3-4C72-76C9-FB2911D3BDC0}"
EndProject
Project("{FAE04EC0-301F-11D3-BF4B-00C04F79EFBC}") = "Posts.Api", "services\Posts\Posts.Api\Posts.Api.csproj", "{EA3F39E5-15A9-45C1-B835-FECE1111508C}"
EndProject
Project("{FAE04EC0-301F-11D3-BF4B-00C04F79EFBC}") = "Posts.Biz", "services\Posts\Posts.Biz\Posts.Biz.csproj", "{34BA1BAD-FDC7-48DC-8CD9-733B18496430}"
EndProject
Project("{FAE04EC0-301F-11D3-BF4B-00C04F79EFBC}") = "Posts.Biz.Model", "services\Posts\Posts.Biz.Model\Posts.Biz.Model.csproj", "{2B697505-1DC3-408E-9268-747354BD69B8}"
EndProject
Project("{FAE04EC0-301F-11D3-BF4B-00C04F79EFBC}") = "Posts.Data", "services\Posts\Posts.Data\Posts.Data.csproj", "{469A1454-A825-465B-9203-BEEE0217CE98}"
EndProject
Project("{FAE04EC0-301F-11D3-BF4B-00C04F79EFBC}") = "Posts.Data.Model", "services\Posts\Posts.Data.Model\Posts.Data.Model.csproj", "{D4915418-CCDD-4F9D-9DC3-28357694A3F1}"
EndProject
Project("{2150E333-8FDC-42A3-9474-1A3956D46DE8}") = "Notifications", "Notifications", "{EDF976B3-B1D5-9C5C-314D-F965FB2448D0}"
EndProject
Project("{FAE04EC0-301F-11D3-BF4B-00C04F79EFBC}") = "Notifications.Api", "services\Notifications\Notifications.Api\Notifications.Api.csproj", "{39DFC5B5-A275-4821-A54E-C88BF9973BC0}"
EndProject
Project("{FAE04EC0-301F-11D3-BF4B-00C04F79EFBC}") = "Notifications.Biz", "services\Notifications\Notifications.Biz\Notifications.Biz.csproj", "{0F4B044C-09C9-4BB7-9A5D-7FF9CA864715}"
EndProject
Project("{FAE04EC0-301F-11D3-BF4B-00C04F79EFBC}") = "Notifications.Biz.Model", "services\Notifications\Notifications.Biz.Model\Notifications.Biz.Model.csproj", "{7F76D647-38AE-40E2-9441-AD9CA5F82528}"
EndProject
Project("{FAE04EC0-301F-11D3-BF4B-00C04F79EFBC}") = "Notifications.Data", "services\Notifications\Notifications.Data\Notifications.Data.csproj", "{60AE585E-0037-4913-9BAC-E92C388B4A6D}"
EndProject
Project("{FAE04EC0-301F-11D3-BF4B-00C04F79EFBC}") = "Notifications.Data.Model", "services\Notifications\Notifications.Data.Model\Notifications.Data.Model.csproj", "{292E8AB7-C094-4C9D-86ED-6E18199A758B}"
EndProject
Global
	GlobalSection(SolutionConfigurationPlatforms) = preSolution
		Debug|Any CPU = Debug|Any CPU
		Debug|x64 = Debug|x64
		Debug|x86 = Debug|x86
		Release|Any CPU = Release|Any CPU
		Release|x64 = Release|x64
		Release|x86 = Release|x86
	EndGlobalSection
	GlobalSection(ProjectConfigurationPlatforms) = postSolution
		{FC7AB9E0-2FC5-4174-AE22-86DBE8E937F2}.Debug|Any CPU.ActiveCfg = Debug|Any CPU
		{FC7AB9E0-2FC5-4174-AE22-86DBE8E937F2}.Debug|Any CPU.Build.0 = Debug|Any CPU
		{FC7AB9E0-2FC5-4174-AE22-86DBE8E937F2}.Debug|x64.ActiveCfg = Debug|Any CPU
		{FC7AB9E0-2FC5-4174-AE22-86DBE8E937F2}.Debug|x64.Build.0 = Debug|Any CPU
		{FC7AB9E0-2FC5-4174-AE22-86DBE8E937F2}.Debug|x86.ActiveCfg = Debug|Any CPU
		{FC7AB9E0-2FC5-4174-AE22-86DBE8E937F2}.Debug|x86.Build.0 = Debug|Any CPU
		{FC7AB9E0-2FC5-4174-AE22-86DBE8E937F2}.Release|Any CPU.ActiveCfg = Release|Any CPU
		{FC7AB9E0-2FC5-4174-AE22-86DBE8E937F2}.Release|Any CPU.Build.0 = Release|Any CPU
		{FC7AB9E0-2FC5-4174-AE22-86DBE8E937F2}.Release|x64.ActiveCfg = Release|Any CPU
		{FC7AB9E0-2FC5-4174-AE22-86DBE8E937F2}.Release|x64.Build.0 = Release|Any CPU
		{FC7AB9E0-2FC5-4174-AE22-86DBE8E937F2}.Release|x86.ActiveCfg = Release|Any CPU
		{FC7AB9E0-2FC5-4174-AE22-86DBE8E937F2}.Release|x86.Build.0 = Release|Any CPU
		{A3F59B29-3249-4FC3-A4BE-2AC274F10538}.Debug|Any CPU.ActiveCfg = Debug|Any CPU
		{A3F59B29-3249-4FC3-A4BE-2AC274F10538}.Debug|Any CPU.Build.0 = Debug|Any CPU
		{A3F59B29-3249-4FC3-A4BE-2AC274F10538}.Debug|x64.ActiveCfg = Debug|Any CPU
		{A3F59B29-3249-4FC3-A4BE-2AC274F10538}.Debug|x64.Build.0 = Debug|Any CPU
		{A3F59B29-3249-4FC3-A4BE-2AC274F10538}.Debug|x86.ActiveCfg = Debug|Any CPU
		{A3F59B29-3249-4FC3-A4BE-2AC274F10538}.Debug|x86.Build.0 = Debug|Any CPU
		{A3F59B29-3249-4FC3-A4BE-2AC274F10538}.Release|Any CPU.ActiveCfg = Release|Any CPU
		{A3F59B29-3249-4FC3-A4BE-2AC274F10538}.Release|Any CPU.Build.0 = Release|Any CPU
		{A3F59B29-3249-4FC3-A4BE-2AC274F10538}.Release|x64.ActiveCfg = Release|Any CPU
		{A3F59B29-3249-4FC3-A4BE-2AC274F10538}.Release|x64.Build.0 = Release|Any CPU
		{A3F59B29-3249-4FC3-A4BE-2AC274F10538}.Release|x86.ActiveCfg = Release|Any CPU
		{A3F59B29-3249-4FC3-A4BE-2AC274F10538}.Release|x86.Build.0 = Release|Any CPU
		{A31A9853-2046-49F8-81AE-E06A390DE873}.Debug|Any CPU.ActiveCfg = Debug|Any CPU
		{A31A9853-2046-49F8-81AE-E06A390DE873}.Debug|Any CPU.Build.0 = Debug|Any CPU
		{A31A9853-2046-49F8-81AE-E06A390DE873}.Debug|x64.ActiveCfg = Debug|Any CPU
		{A31A9853-2046-49F8-81AE-E06A390DE873}.Debug|x64.Build.0 = Debug|Any CPU
		{A31A9853-2046-49F8-81AE-E06A390DE873}.Debug|x86.ActiveCfg = Debug|Any CPU
		{A31A9853-2046-49F8-81AE-E06A390DE873}.Debug|x86.Build.0 = Debug|Any CPU
		{A31A9853-2046-49F8-81AE-E06A390DE873}.Release|Any CPU.ActiveCfg = Release|Any CPU
		{A31A9853-2046-49F8-81AE-E06A390DE873}.Release|Any CPU.Build.0 = Release|Any CPU
		{A31A9853-2046-49F8-81AE-E06A390DE873}.Release|x64.ActiveCfg = Release|Any CPU
		{A31A9853-2046-49F8-81AE-E06A390DE873}.Release|x64.Build.0 = Release|Any CPU
		{A31A9853-2046-49F8-81AE-E06A390DE873}.Release|x86.ActiveCfg = Release|Any CPU
		{A31A9853-2046-49F8-81AE-E06A390DE873}.Release|x86.Build.0 = Release|Any CPU
		{9F111A60-C7E3-4ED8-A75D-791A9838D5C1}.Debug|Any CPU.ActiveCfg = Debug|Any CPU
		{9F111A60-C7E3-4ED8-A75D-791A9838D5C1}.Debug|Any CPU.Build.0 = Debug|Any CPU
		{9F111A60-C7E3-4ED8-A75D-791A9838D5C1}.Debug|x64.ActiveCfg = Debug|Any CPU
		{9F111A60-C7E3-4ED8-A75D-791A9838D5C1}.Debug|x64.Build.0 = Debug|Any CPU
		{9F111A60-C7E3-4ED8-A75D-791A9838D5C1}.Debug|x86.ActiveCfg = Debug|Any CPU
		{9F111A60-C7E3-4ED8-A75D-791A9838D5C1}.Debug|x86.Build.0 = Debug|Any CPU
		{9F111A60-C7E3-4ED8-A75D-791A9838D5C1}.Release|Any CPU.ActiveCfg = Release|Any CPU
		{9F111A60-C7E3-4ED8-A75D-791A9838D5C1}.Release|Any CPU.Build.0 = Release|Any CPU
		{9F111A60-C7E3-4ED8-A75D-791A9838D5C1}.Release|x64.ActiveCfg = Release|Any CPU
		{9F111A60-C7E3-4ED8-A75D-791A9838D5C1}.Release|x64.Build.0 = Release|Any CPU
		{9F111A60-C7E3-4ED8-A75D-791A9838D5C1}.Release|x86.ActiveCfg = Release|Any CPU
		{9F111A60-C7E3-4ED8-A75D-791A9838D5C1}.Release|x86.Build.0 = Release|Any CPU
		{CB320C75-7AF2-4EBE-A588-1E27E91677AC}.Debug|Any CPU.ActiveCfg = Debug|Any CPU
		{CB320C75-7AF2-4EBE-A588-1E27E91677AC}.Debug|Any CPU.Build.0 = Debug|Any CPU
		{CB320C75-7AF2-4EBE-A588-1E27E91677AC}.Debug|x64.ActiveCfg = Debug|Any CPU
		{CB320C75-7AF2-4EBE-A588-1E27E91677AC}.Debug|x64.Build.0 = Debug|Any CPU
		{CB320C75-7AF2-4EBE-A588-1E27E91677AC}.Debug|x86.ActiveCfg = Debug|Any CPU
		{CB320C75-7AF2-4EBE-A588-1E27E91677AC}.Debug|x86.Build.0 = Debug|Any CPU
		{CB320C75-7AF2-4EBE-A588-1E27E91677AC}.Release|Any CPU.ActiveCfg = Release|Any CPU
		{CB320C75-7AF2-4EBE-A588-1E27E91677AC}.Release|Any CPU.Build.0 = Release|Any CPU
		{CB320C75-7AF2-4EBE-A588-1E27E91677AC}.Release|x64.ActiveCfg = Release|Any CPU
		{CB320C75-7AF2-4EBE-A588-1E27E91677AC}.Release|x64.Build.0 = Release|Any CPU
		{CB320C75-7AF2-4EBE-A588-1E27E91677AC}.Release|x86.ActiveCfg = Release|Any CPU
		{CB320C75-7AF2-4EBE-A588-1E27E91677AC}.Release|x86.Build.0 = Release|Any CPU
		{FB87914F-EA76-4775-8524-FD8ACF974626}.Debug|Any CPU.ActiveCfg = Debug|Any CPU
		{FB87914F-EA76-4775-8524-FD8ACF974626}.Debug|Any CPU.Build.0 = Debug|Any CPU
		{FB87914F-EA76-4775-8524-FD8ACF974626}.Debug|x64.ActiveCfg = Debug|Any CPU
		{FB87914F-EA76-4775-8524-FD8ACF974626}.Debug|x64.Build.0 = Debug|Any CPU
		{FB87914F-EA76-4775-8524-FD8ACF974626}.Debug|x86.ActiveCfg = Debug|Any CPU
		{FB87914F-EA76-4775-8524-FD8ACF974626}.Debug|x86.Build.0 = Debug|Any CPU
		{FB87914F-EA76-4775-8524-FD8ACF974626}.Release|Any CPU.ActiveCfg = Release|Any CPU
		{FB87914F-EA76-4775-8524-FD8ACF974626}.Release|Any CPU.Build.0 = Release|Any CPU
		{FB87914F-EA76-4775-8524-FD8ACF974626}.Release|x64.ActiveCfg = Release|Any CPU
		{FB87914F-EA76-4775-8524-FD8ACF974626}.Release|x64.Build.0 = Release|Any CPU
		{FB87914F-EA76-4775-8524-FD8ACF974626}.Release|x86.ActiveCfg = Release|Any CPU
		{FB87914F-EA76-4775-8524-FD8ACF974626}.Release|x86.Build.0 = Release|Any CPU
		{EA3F39E5-15A9-45C1-B835-FECE1111508C}.Debug|Any CPU.ActiveCfg = Debug|Any CPU
		{EA3F39E5-15A9-45C1-B835-FECE1111508C}.Debug|Any CPU.Build.0 = Debug|Any CPU
		{EA3F39E5-15A9-45C1-B835-FECE1111508C}.Debug|x64.ActiveCfg = Debug|Any CPU
		{EA3F39E5-15A9-45C1-B835-FECE1111508C}.Debug|x64.Build.0 = Debug|Any CPU
		{EA3F39E5-15A9-45C1-B835-FECE1111508C}.Debug|x86.ActiveCfg = Debug|Any CPU
		{EA3F39E5-15A9-45C1-B835-FECE1111508C}.Debug|x86.Build.0 = Debug|Any CPU
		{EA3F39E5-15A9-45C1-B835-FECE1111508C}.Release|Any CPU.ActiveCfg = Release|Any CPU
		{EA3F39E5-15A9-45C1-B835-FECE1111508C}.Release|Any CPU.Build.0 = Release|Any CPU
		{EA3F39E5-15A9-45C1-B835-FECE1111508C}.Release|x64.ActiveCfg = Release|Any CPU
		{EA3F39E5-15A9-45C1-B835-FECE1111508C}.Release|x64.Build.0 = Release|Any CPU
		{EA3F39E5-15A9-45C1-B835-FECE1111508C}.Release|x86.ActiveCfg = Release|Any CPU
		{EA3F39E5-15A9-45C1-B835-FECE1111508C}.Release|x86.Build.0 = Release|Any CPU
		{34BA1BAD-FDC7-48DC-8CD9-733B18496430}.Debug|Any CPU.ActiveCfg = Debug|Any CPU
		{34BA1BAD-FDC7-48DC-8CD9-733B18496430}.Debug|Any CPU.Build.0 = Debug|Any CPU
		{34BA1BAD-FDC7-48DC-8CD9-733B18496430}.Debug|x64.ActiveCfg = Debug|Any CPU
		{34BA1BAD-FDC7-48DC-8CD9-733B18496430}.Debug|x64.Build.0 = Debug|Any CPU
		{34BA1BAD-FDC7-48DC-8CD9-733B18496430}.Debug|x86.ActiveCfg = Debug|Any CPU
		{34BA1BAD-FDC7-48DC-8CD9-733B18496430}.Debug|x86.Build.0 = Debug|Any CPU
		{34BA1BAD-FDC7-48DC-8CD9-733B18496430}.Release|Any CPU.ActiveCfg = Release|Any CPU
		{34BA1BAD-FDC7-48DC-8CD9-733B18496430}.Release|Any CPU.Build.0 = Release|Any CPU
		{34BA1BAD-FDC7-48DC-8CD9-733B18496430}.Release|x64.ActiveCfg = Release|Any CPU
		{34BA1BAD-FDC7-48DC-8CD9-733B18496430}.Release|x64.Build.0 = Release|Any CPU
		{34BA1BAD-FDC7-48DC-8CD9-733B18496430}.Release|x86.ActiveCfg = Release|Any CPU
		{34BA1BAD-FDC7-48DC-8CD9-733B18496430}.Release|x86.Build.0 = Release|Any CPU
		{2B697505-1DC3-408E-9268-747354BD69B8}.Debug|Any CPU.ActiveCfg = Debug|Any CPU
		{2B697505-1DC3-408E-9268-747354BD69B8}.Debug|Any CPU.Build.0 = Debug|Any CPU
		{2B697505-1DC3-408E-9268-747354BD69B8}.Debug|x64.ActiveCfg = Debug|Any CPU
		{2B697505-1DC3-408E-9268-747354BD69B8}.Debug|x64.Build.0 = Debug|Any CPU
		{2B697505-1DC3-408E-9268-747354BD69B8}.Debug|x86.ActiveCfg = Debug|Any CPU
		{2B697505-1DC3-408E-9268-747354BD69B8}.Debug|x86.Build.0 = Debug|Any CPU
		{2B697505-1DC3-408E-9268-747354BD69B8}.Release|Any CPU.ActiveCfg = Release|Any CPU
		{2B697505-1DC3-408E-9268-747354BD69B8}.Release|Any CPU.Build.0 = Release|Any CPU
		{2B697505-1DC3-408E-9268-747354BD69B8}.Release|x64.ActiveCfg = Release|Any CPU
		{2B697505-1DC3-408E-9268-747354BD69B8}.Release|x64.Build.0 = Release|Any CPU
		{2B697505-1DC3-408E-9268-747354BD69B8}.Release|x86.ActiveCfg = Release|Any CPU
		{2B697505-1DC3-408E-9268-747354BD69B8}.Release|x86.Build.0 = Release|Any CPU
		{469A1454-A825-465B-9203-BEEE0217CE98}.Debug|Any CPU.ActiveCfg = Debug|Any CPU
		{469A1454-A825-465B-9203-BEEE0217CE98}.Debug|Any CPU.Build.0 = Debug|Any CPU
		{469A1454-A825-465B-9203-BEEE0217CE98}.Debug|x64.ActiveCfg = Debug|Any CPU
		{469A1454-A825-465B-9203-BEEE0217CE98}.Debug|x64.Build.0 = Debug|Any CPU
		{469A1454-A825-465B-9203-BEEE0217CE98}.Debug|x86.ActiveCfg = Debug|Any CPU
		{469A1454-A825-465B-9203-BEEE0217CE98}.Debug|x86.Build.0 = Debug|Any CPU
		{469A1454-A825-465B-9203-BEEE0217CE98}.Release|Any CPU.ActiveCfg = Release|Any CPU
		{469A1454-A825-465B-9203-BEEE0217CE98}.Release|Any CPU.Build.0 = Release|Any CPU
		{469A1454-A825-465B-9203-BEEE0217CE98}.Release|x64.ActiveCfg = Release|Any CPU
		{469A1454-A825-465B-9203-BEEE0217CE98}.Release|x64.Build.0 = Release|Any CPU
		{469A1454-A825-465B-9203-BEEE0217CE98}.Release|x86.ActiveCfg = Release|Any CPU
		{469A1454-A825-465B-9203-BEEE0217CE98}.Release|x86.Build.0 = Release|Any CPU
		{D4915418-CCDD-4F9D-9DC3-28357694A3F1}.Debug|Any CPU.ActiveCfg = Debug|Any CPU
		{D4915418-CCDD-4F9D-9DC3-28357694A3F1}.Debug|Any CPU.Build.0 = Debug|Any CPU
		{D4915418-CCDD-4F9D-9DC3-28357694A3F1}.Debug|x64.ActiveCfg = Debug|Any CPU
		{D4915418-CCDD-4F9D-9DC3-28357694A3F1}.Debug|x64.Build.0 = Debug|Any CPU
		{D4915418-CCDD-4F9D-9DC3-28357694A3F1}.Debug|x86.ActiveCfg = Debug|Any CPU
		{D4915418-CCDD-4F9D-9DC3-28357694A3F1}.Debug|x86.Build.0 = Debug|Any CPU
		{D4915418-CCDD-4F9D-9DC3-28357694A3F1}.Release|Any CPU.ActiveCfg = Release|Any CPU
		{D4915418-CCDD-4F9D-9DC3-28357694A3F1}.Release|Any CPU.Build.0 = Release|Any CPU
		{D4915418-CCDD-4F9D-9DC3-28357694A3F1}.Release|x64.ActiveCfg = Release|Any CPU
		{D4915418-CCDD-4F9D-9DC3-28357694A3F1}.Release|x64.Build.0 = Release|Any CPU
		{D4915418-CCDD-4F9D-9DC3-28357694A3F1}.Release|x86.ActiveCfg = Release|Any CPU
		{D4915418-CCDD-4F9D-9DC3-28357694A3F1}.Release|x86.Build.0 = Release|Any CPU
		{39DFC5B5-A275-4821-A54E-C88BF9973BC0}.Debug|Any CPU.ActiveCfg = Debug|Any CPU
		{39DFC5B5-A275-4821-A54E-C88BF9973BC0}.Debug|Any CPU.Build.0 = Debug|Any CPU
		{39DFC5B5-A275-4821-A54E-C88BF9973BC0}.Debug|x64.ActiveCfg = Debug|Any CPU
		{39DFC5B5-A275-4821-A54E-C88BF9973BC0}.Debug|x64.Build.0 = Debug|Any CPU
		{39DFC5B5-A275-4821-A54E-C88BF9973BC0}.Debug|x86.ActiveCfg = Debug|Any CPU
		{39DFC5B5-A275-4821-A54E-C88BF9973BC0}.Debug|x86.Build.0 = Debug|Any CPU
		{39DFC5B5-A275-4821-A54E-C88BF9973BC0}.Release|Any CPU.ActiveCfg = Release|Any CPU
		{39DFC5B5-A275-4821-A54E-C88BF9973BC0}.Release|Any CPU.Build.0 = Release|Any CPU
		{39DFC5B5-A275-4821-A54E-C88BF9973BC0}.Release|x64.ActiveCfg = Release|Any CPU
		{39DFC5B5-A275-4821-A54E-C88BF9973BC0}.Release|x64.Build.0 = Release|Any CPU
		{39DFC5B5-A275-4821-A54E-C88BF9973BC0}.Release|x86.ActiveCfg = Release|Any CPU
		{39DFC5B5-A275-4821-A54E-C88BF9973BC0}.Release|x86.Build.0 = Release|Any CPU
		{0F4B044C-09C9-4BB7-9A5D-7FF9CA864715}.Debug|Any CPU.ActiveCfg = Debug|Any CPU
		{0F4B044C-09C9-4BB7-9A5D-7FF9CA864715}.Debug|Any CPU.Build.0 = Debug|Any CPU
		{0F4B044C-09C9-4BB7-9A5D-7FF9CA864715}.Debug|x64.ActiveCfg = Debug|Any CPU
		{0F4B044C-09C9-4BB7-9A5D-7FF9CA864715}.Debug|x64.Build.0 = Debug|Any CPU
		{0F4B044C-09C9-4BB7-9A5D-7FF9CA864715}.Debug|x86.ActiveCfg = Debug|Any CPU
		{0F4B044C-09C9-4BB7-9A5D-7FF9CA864715}.Debug|x86.Build.0 = Debug|Any CPU
		{0F4B044C-09C9-4BB7-9A5D-7FF9CA864715}.Release|Any CPU.ActiveCfg = Release|Any CPU
		{0F4B044C-09C9-4BB7-9A5D-7FF9CA864715}.Release|Any CPU.Build.0 = Release|Any CPU
		{0F4B044C-09C9-4BB7-9A5D-7FF9CA864715}.Release|x64.ActiveCfg = Release|Any CPU
		{0F4B044C-09C9-4BB7-9A5D-7FF9CA864715}.Release|x64.Build.0 = Release|Any CPU
		{0F4B044C-09C9-4BB7-9A5D-7FF9CA864715}.Release|x86.ActiveCfg = Release|Any CPU
		{0F4B044C-09C9-4BB7-9A5D-7FF9CA864715}.Release|x86.Build.0 = Release|Any CPU
		{7F76D647-38AE-40E2-9441-AD9CA5F82528}.Debug|Any CPU.ActiveCfg = Debug|Any CPU
		{7F76D647-38AE-40E2-9441-AD9CA5F82528}.Debug|Any CPU.Build.0 = Debug|Any CPU
		{7F76D647-38AE-40E2-9441-AD9CA5F82528}.Debug|x64.ActiveCfg = Debug|Any CPU
		{7F76D647-38AE-40E2-9441-AD9CA5F82528}.Debug|x64.Build.0 = Debug|Any CPU
		{7F76D647-38AE-40E2-9441-AD9CA5F82528}.Debug|x86.ActiveCfg = Debug|Any CPU
		{7F76D647-38AE-40E2-9441-AD9CA5F82528}.Debug|x86.Build.0 = Debug|Any CPU
		{7F76D647-38AE-40E2-9441-AD9CA5F82528}.Release|Any CPU.ActiveCfg = Release|Any CPU
		{7F76D647-38AE-40E2-9441-AD9CA5F82528}.Release|Any CPU.Build.0 = Release|Any CPU
		{7F76D647-38AE-40E2-9441-AD9CA5F82528}.Release|x64.ActiveCfg = Release|Any CPU
		{7F76D647-38AE-40E2-9441-AD9CA5F82528}.Release|x64.Build.0 = Release|Any CPU
		{7F76D647-38AE-40E2-9441-AD9CA5F82528}.Release|x86.ActiveCfg = Release|Any CPU
		{7F76D647-38AE-40E2-9441-AD9CA5F82528}.Release|x86.Build.0 = Release|Any CPU
		{60AE585E-0037-4913-9BAC-E92C388B4A6D}.Debug|Any CPU.ActiveCfg = Debug|Any CPU
		{60AE585E-0037-4913-9BAC-E92C388B4A6D}.Debug|Any CPU.Build.0 = Debug|Any CPU
		{60AE585E-0037-4913-9BAC-E92C388B4A6D}.Debug|x64.ActiveCfg = Debug|Any CPU
		{60AE585E-0037-4913-9BAC-E92C388B4A6D}.Debug|x64.Build.0 = Debug|Any CPU
		{60AE585E-0037-4913-9BAC-E92C388B4A6D}.Debug|x86.ActiveCfg = Debug|Any CPU
		{60AE585E-0037-4913-9BAC-E92C388B4A6D}.Debug|x86.Build.0 = Debug|Any CPU
		{60AE585E-0037-4913-9BAC-E92C388B4A6D}.Release|Any CPU.ActiveCfg = Release|Any CPU
		{60AE585E-0037-4913-9BAC-E92C388B4A6D}.Release|Any CPU.Build.0 = Release|Any CPU
		{60AE585E-0037-4913-9BAC-E92C388B4A6D}.Release|x64.ActiveCfg = Release|Any CPU
		{60AE585E-0037-4913-9BAC-E92C388B4A6D}.Release|x64.Build.0 = Release|Any CPU
		{60AE585E-0037-4913-9BAC-E92C388B4A6D}.Release|x86.ActiveCfg = Release|Any CPU
		{60AE585E-0037-4913-9BAC-E92C388B4A6D}.Release|x86.Build.0 = Release|Any CPU
		{292E8AB7-C094-4C9D-86ED-6E18199A758B}.Debug|Any CPU.ActiveCfg = Debug|Any CPU
		{292E8AB7-C094-4C9D-86ED-6E18199A758B}.Debug|Any CPU.Build.0 = Debug|Any CPU
		{292E8AB7-C094-4C9D-86ED-6E18199A758B}.Debug|x64.ActiveCfg = Debug|Any CPU
		{292E8AB7-C094-4C9D-86ED-6E18199A758B}.Debug|x64.Build.0 = Debug|Any CPU
		{292E8AB7-C094-4C9D-86ED-6E18199A758B}.Debug|x86.ActiveCfg = Debug|Any CPU
		{292E8AB7-C094-4C9D-86ED-6E18199A758B}.Debug|x86.Build.0 = Debug|Any CPU
		{292E8AB7-C094-4C9D-86ED-6E18199A758B}.Release|Any CPU.ActiveCfg = Release|Any CPU
		{292E8AB7-C094-4C9D-86ED-6E18199A758B}.Release|Any CPU.Build.0 = Release|Any CPU
		{292E8AB7-C094-4C9D-86ED-6E18199A758B}.Release|x64.ActiveCfg = Release|Any CPU
		{292E8AB7-C094-4C9D-86ED-6E18199A758B}.Release|x64.Build.0 = Release|Any CPU
		{292E8AB7-C094-4C9D-86ED-6E18199A758B}.Release|x86.ActiveCfg = Release|Any CPU
		{292E8AB7-C094-4C9D-86ED-6E18199A758B}.Release|x86.Build.0 = Release|Any CPU
	EndGlobalSection
	GlobalSection(SolutionProperties) = preSolution
		HideSolutionNode = FALSE
	EndGlobalSection
	GlobalSection(NestedProjects) = preSolution
		{FC7AB9E0-2FC5-4174-AE22-86DBE8E937F2} = {4F52FD11-658E-A102-6CD3-7D7C16FFA15B}
		{357A7C97-5AE1-023F-1442-0D9F9AF22A31} = {5854FF58-B8C5-05C6-5BF2-ACE42193F22B}
		{A3F59B29-3249-4FC3-A4BE-2AC274F10538} = {357A7C97-5AE1-023F-1442-0D9F9AF22A31}
		{A31A9853-2046-49F8-81AE-E06A390DE873} = {357A7C97-5AE1-023F-1442-0D9F9AF22A31}
		{9F111A60-C7E3-4ED8-A75D-791A9838D5C1} = {357A7C97-5AE1-023F-1442-0D9F9AF22A31}
		{CB320C75-7AF2-4EBE-A588-1E27E91677AC} = {357A7C97-5AE1-023F-1442-0D9F9AF22A31}
		{FB87914F-EA76-4775-8524-FD8ACF974626} = {357A7C97-5AE1-023F-1442-0D9F9AF22A31}
		{1A74326A-BAB3-4C72-76C9-FB2911D3BDC0} = {5854FF58-B8C5-05C6-5BF2-ACE42193F22B}
		{EA3F39E5-15A9-45C1-B835-FECE1111508C} = {1A74326A-BAB3-4C72-76C9-FB2911D3BDC0}
		{34BA1BAD-FDC7-48DC-8CD9-733B18496430} = {1A74326A-BAB3-4C72-76C9-FB2911D3BDC0}
		{2B697505-1DC3-408E-9268-747354BD69B8} = {1A74326A-BAB3-4C72-76C9-FB2911D3BDC0}
		{469A1454-A825-465B-9203-BEEE0217CE98} = {1A74326A-BAB3-4C72-76C9-FB2911D3BDC0}
		{D4915418-CCDD-4F9D-9DC3-28357694A3F1} = {1A74326A-BAB3-4C72-76C9-FB2911D3BDC0}
		{EDF976B3-B1D5-9C5C-314D-F965FB2448D0} = {5854FF58-B8C5-05C6-5BF2-ACE42193F22B}
		{39DFC5B5-A275-4821-A54E-C88BF9973BC0} = {EDF976B3-B1D5-9C5C-314D-F965FB2448D0}
		{0F4B044C-09C9-4BB7-9A5D-7FF9CA864715} = {EDF976B3-B1D5-9C5C-314D-F965FB2448D0}
		{7F76D647-38AE-40E2-9441-AD9CA5F82528} = {EDF976B3-B1D5-9C5C-314D-F965FB2448D0}
		{60AE585E-0037-4913-9BAC-E92C388B4A6D} = {EDF976B3-B1D5-9C5C-314D-F965FB2448D0}
		{292E8AB7-C094-4C9D-86ED-6E18199A758B} = {EDF976B3-B1D5-9C5C-314D-F965FB2448D0}
	EndGlobalSection
	GlobalSection(ExtensibilityGlobals) = postSolution
		SolutionGuid = {CEFE08CB-887C-4898-AB15-2DDC9E3B263A}
	EndGlobalSection
EndGlobal
